
Microsoft Visual Studio Solution File, Format Version 11.00
# Visual Studio 2010
Project("{2150E333-8FDC-42A3-9474-1A3956D46DE8}") = "DLL", "DLL", "{43E372FA-1D08-41E2-9273-F799788561A0}"
EndProject
Project("{2150E333-8FDC-42A3-9474-1A3956D46DE8}") = "Lua", "Lua", "{152722EB-A25D-43B3-BFA3-91B1722C1DFF}"
EndProject
Project("{2150E333-8FDC-42A3-9474-1A3956D46DE8}") = "Solution Items", "Solution Items", "{C08D929E-AD7B-492A-A802-43CE4EF150AB}"
	ProjectSection(SolutionItems) = preProject
		Plans.txt = Plans.txt
	EndProjectSection
EndProject
Project("{8BC9CEB8-8B4A-11D0-8D11-00A0C91BC942}") = "FatFs", "fatfs\FatFs.vcxproj", "{F4D77BB8-426A-4E46-BFFA-195B2E7C2386}"
EndProject
Project("{8BC9CEB8-8B4A-11D0-8D11-00A0C91BC942}") = "intelHex", "intel hex\intelHex.vcxproj", "{89CB1334-E75E-44BF-9FB7-A1C5B59A8C3B}"
EndProject
Project("{8BC9CEB8-8B4A-11D0-8D11-00A0C91BC942}") = "minIni", "minIni\minIni.vcxproj", "{847B56CA-30A5-4FD4-940A-FD5C560110A1}"
EndProject
Project("{8BC9CEB8-8B4A-11D0-8D11-00A0C91BC942}") = "dll_def", "dll_def\dll_def.vcxproj", "{B978F0F7-EB75-4289-B8DD-C1D804BE0696}"
EndProject
Project("{8BC9CEB8-8B4A-11D0-8D11-00A0C91BC942}") = "exec", "exec\exec.vcxproj", "{228C9750-9A2A-403B-B6C2-1ADFC0E1BFCE}"
EndProject
Project("{8BC9CEB8-8B4A-11D0-8D11-00A0C91BC942}") = "lua_capi", "lua_capi\lua_capi.vcxproj", "{F0FD6687-3E99-49FA-8664-02D8DB5CB5C1}"
EndProject
Project("{8BC9CEB8-8B4A-11D0-8D11-00A0C91BC942}") = "lua5.1_exe", "lua5.1\mak.vs2008\lua5.1_exe.vcxproj", "{20162DDB-DFC1-AA46-A834-53E8088076B8}"
EndProject
Project("{8BC9CEB8-8B4A-11D0-8D11-00A0C91BC942}") = "lua5.1_dll", "lua5.1\mak.vs2008\lua5.1_dll.vcxproj", "{7243E30E-52D9-384A-91A2-C8783F1F808B}"
EndProject
Project("{8BC9CEB8-8B4A-11D0-8D11-00A0C91BC942}") = "dll_export", "dll_export\dll_export.vcxproj", "{D12F5E23-6505-4023-A594-9AAF72C03697}"
EndProject
Project("{8BC9CEB8-8B4A-11D0-8D11-00A0C91BC942}") = "mylib", "lua_mylib\mylib.vcxproj", "{710FC04C-127F-4B0B-8033-516D59AE7E59}"
EndProject
Project("{8BC9CEB8-8B4A-11D0-8D11-00A0C91BC942}") = "DWIAP", "DWIAP\DWIAP.vcxproj", "{6BBDF50C-60FA-463F-97A3-A42B53EE1CF4}"
EndProject
Project("{8BC9CEB8-8B4A-11D0-8D11-00A0C91BC942}") = "dlmalloc", "dlmalloc\dlmalloc.vcxproj", "{C4ADE86F-742F-4D99-ADFA-B259C5DF0071}"
EndProject
Project("{2150E333-8FDC-42A3-9474-1A3956D46DE8}") = "COM", "COM", "{6C399D06-3F07-430F-9CA9-E51544278961}"
EndProject
Project("{8BC9CEB8-8B4A-11D0-8D11-00A0C91BC942}") = "PlainC", "PlainC\PlainC.vcxproj", "{FD2F6552-FB52-4135-8AF5-E95A1FF1A8AD}"
EndProject
Project("{8BC9CEB8-8B4A-11D0-8D11-00A0C91BC942}") = "EncodeConvert", "EncodeConvert\EncodeConvert.vcxproj", "{27AA3294-E62B-43BD-8A9F-22E83E84F0AC}"
EndProject
Project("{8BC9CEB8-8B4A-11D0-8D11-00A0C91BC942}") = "Lua52", "lua52\Lua52.vcxproj", "{8FAEFFAF-00DF-4682-9ED9-B5F1B4793ECC}"
EndProject
Project("{8BC9CEB8-8B4A-11D0-8D11-00A0C91BC942}") = "StrHashFunc", "StrHashFunc\StrHashFunc.vcxproj", "{CFD55024-2FC7-443F-BB9E-81A8E88FF111}"
EndProject
Project("{8BC9CEB8-8B4A-11D0-8D11-00A0C91BC942}") = "Win32API", "Win32API\Win32API.vcxproj", "{414519FC-F67E-43C1-8B65-AC1442E8D3FF}"
EndProject
Project("{2150E333-8FDC-42A3-9474-1A3956D46DE8}") = "PicProc", "PicProc", "{2F3B95CA-C78E-4FF0-B5B2-8B0C76A162C3}"
EndProject
Project("{8BC9CEB8-8B4A-11D0-8D11-00A0C91BC942}") = "PicUtils", "PicUtils\PicUtils.vcxproj", "{2EA479DD-20AA-4883-92B9-09C39D4A05D5}"
EndProject
Project("{8BC9CEB8-8B4A-11D0-8D11-00A0C91BC942}") = "cjpeg", "jpeg\cjpeg.vcxproj", "{2E7FAAD9-2F58-4BDE-81F2-1D6D3FB8BF57}"
EndProject
Project("{8BC9CEB8-8B4A-11D0-8D11-00A0C91BC942}") = "djpeg", "jpeg\djpeg.vcxproj", "{11043137-B453-4DFA-9010-4D2B9DC1545C}"
EndProject
Project("{2150E333-8FDC-42A3-9474-1A3956D46DE8}") = "jsoncpp", "jsoncpp", "{0F7EBEE4-CFC0-479C-A8A6-EBA717EE10AB}"
EndProject
Project("{8BC9CEB8-8B4A-11D0-8D11-00A0C91BC942}") = "lib_json", "jsoncpp\makefiles\vs71\lib_json.vcxproj", "{B84F7231-16CE-41D8-8C08-7B523FF4225B}"
EndProject
Project("{8BC9CEB8-8B4A-11D0-8D11-00A0C91BC942}") = "test_lib_json", "jsoncpp\makefiles\vs71\test_lib_json.vcxproj", "{B7A96B78-2782-40D2-8F37-A2DEF2B9C26D}"
EndProject
Project("{8BC9CEB8-8B4A-11D0-8D11-00A0C91BC942}") = "jsontest", "jsoncpp\makefiles\vs71\jsontest.vcxproj", "{25AF2DD2-D396-4668-B188-488C33B8E620}"
EndProject
Global
	GlobalSection(SolutionConfigurationPlatforms) = preSolution
		Debug|Win32 = Debug|Win32
		dummy|Win32 = dummy|Win32
		Release|Win32 = Release|Win32
	EndGlobalSection
	GlobalSection(ProjectConfigurationPlatforms) = postSolution
		{F4D77BB8-426A-4E46-BFFA-195B2E7C2386}.Debug|Win32.ActiveCfg = Debug|Win32
		{F4D77BB8-426A-4E46-BFFA-195B2E7C2386}.Debug|Win32.Build.0 = Debug|Win32
		{F4D77BB8-426A-4E46-BFFA-195B2E7C2386}.dummy|Win32.ActiveCfg = Debug|Win32
		{F4D77BB8-426A-4E46-BFFA-195B2E7C2386}.dummy|Win32.Build.0 = Debug|Win32
		{F4D77BB8-426A-4E46-BFFA-195B2E7C2386}.Release|Win32.ActiveCfg = Release|Win32
		{F4D77BB8-426A-4E46-BFFA-195B2E7C2386}.Release|Win32.Build.0 = Release|Win32
		{89CB1334-E75E-44BF-9FB7-A1C5B59A8C3B}.Debug|Win32.ActiveCfg = Debug|Win32
		{89CB1334-E75E-44BF-9FB7-A1C5B59A8C3B}.Debug|Win32.Build.0 = Debug|Win32
		{89CB1334-E75E-44BF-9FB7-A1C5B59A8C3B}.dummy|Win32.ActiveCfg = Debug|Win32
		{89CB1334-E75E-44BF-9FB7-A1C5B59A8C3B}.dummy|Win32.Build.0 = Debug|Win32
		{89CB1334-E75E-44BF-9FB7-A1C5B59A8C3B}.Release|Win32.ActiveCfg = Release|Win32
		{89CB1334-E75E-44BF-9FB7-A1C5B59A8C3B}.Release|Win32.Build.0 = Release|Win32
		{847B56CA-30A5-4FD4-940A-FD5C560110A1}.Debug|Win32.ActiveCfg = Debug|Win32
		{847B56CA-30A5-4FD4-940A-FD5C560110A1}.Debug|Win32.Build.0 = Debug|Win32
		{847B56CA-30A5-4FD4-940A-FD5C560110A1}.dummy|Win32.ActiveCfg = Debug|Win32
		{847B56CA-30A5-4FD4-940A-FD5C560110A1}.dummy|Win32.Build.0 = Debug|Win32
		{847B56CA-30A5-4FD4-940A-FD5C560110A1}.Release|Win32.ActiveCfg = Release|Win32
		{847B56CA-30A5-4FD4-940A-FD5C560110A1}.Release|Win32.Build.0 = Release|Win32
		{B978F0F7-EB75-4289-B8DD-C1D804BE0696}.Debug|Win32.ActiveCfg = Debug|Win32
		{B978F0F7-EB75-4289-B8DD-C1D804BE0696}.Debug|Win32.Build.0 = Debug|Win32
		{B978F0F7-EB75-4289-B8DD-C1D804BE0696}.dummy|Win32.ActiveCfg = Debug|Win32
		{B978F0F7-EB75-4289-B8DD-C1D804BE0696}.dummy|Win32.Build.0 = Debug|Win32
		{B978F0F7-EB75-4289-B8DD-C1D804BE0696}.Release|Win32.ActiveCfg = Release|Win32
		{B978F0F7-EB75-4289-B8DD-C1D804BE0696}.Release|Win32.Build.0 = Release|Win32
		{228C9750-9A2A-403B-B6C2-1ADFC0E1BFCE}.Debug|Win32.ActiveCfg = Debug|Win32
		{228C9750-9A2A-403B-B6C2-1ADFC0E1BFCE}.Debug|Win32.Build.0 = Debug|Win32
		{228C9750-9A2A-403B-B6C2-1ADFC0E1BFCE}.dummy|Win32.ActiveCfg = Debug|Win32
		{228C9750-9A2A-403B-B6C2-1ADFC0E1BFCE}.dummy|Win32.Build.0 = Debug|Win32
		{228C9750-9A2A-403B-B6C2-1ADFC0E1BFCE}.Release|Win32.ActiveCfg = Release|Win32
		{228C9750-9A2A-403B-B6C2-1ADFC0E1BFCE}.Release|Win32.Build.0 = Release|Win32
		{F0FD6687-3E99-49FA-8664-02D8DB5CB5C1}.Debug|Win32.ActiveCfg = Debug|Win32
		{F0FD6687-3E99-49FA-8664-02D8DB5CB5C1}.Debug|Win32.Build.0 = Debug|Win32
		{F0FD6687-3E99-49FA-8664-02D8DB5CB5C1}.dummy|Win32.ActiveCfg = Debug|Win32
		{F0FD6687-3E99-49FA-8664-02D8DB5CB5C1}.dummy|Win32.Build.0 = Debug|Win32
		{F0FD6687-3E99-49FA-8664-02D8DB5CB5C1}.Release|Win32.ActiveCfg = Release|Win32
		{F0FD6687-3E99-49FA-8664-02D8DB5CB5C1}.Release|Win32.Build.0 = Release|Win32
		{20162DDB-DFC1-AA46-A834-53E8088076B8}.Debug|Win32.ActiveCfg = Debug|Win32
		{20162DDB-DFC1-AA46-A834-53E8088076B8}.Debug|Win32.Build.0 = Debug|Win32
		{20162DDB-DFC1-AA46-A834-53E8088076B8}.dummy|Win32.ActiveCfg = Debug|Win32
		{20162DDB-DFC1-AA46-A834-53E8088076B8}.Release|Win32.ActiveCfg = Release|Win32
		{20162DDB-DFC1-AA46-A834-53E8088076B8}.Release|Win32.Build.0 = Release|Win32
		{7243E30E-52D9-384A-91A2-C8783F1F808B}.Debug|Win32.ActiveCfg = Debug|Win32
		{7243E30E-52D9-384A-91A2-C8783F1F808B}.Debug|Win32.Build.0 = Debug|Win32
		{7243E30E-52D9-384A-91A2-C8783F1F808B}.dummy|Win32.ActiveCfg = Debug|Win32
		{7243E30E-52D9-384A-91A2-C8783F1F808B}.Release|Win32.ActiveCfg = Release|Win32
		{7243E30E-52D9-384A-91A2-C8783F1F808B}.Release|Win32.Build.0 = Release|Win32
		{D12F5E23-6505-4023-A594-9AAF72C03697}.Debug|Win32.ActiveCfg = Debug|Win32
		{D12F5E23-6505-4023-A594-9AAF72C03697}.Debug|Win32.Build.0 = Debug|Win32
		{D12F5E23-6505-4023-A594-9AAF72C03697}.dummy|Win32.ActiveCfg = Debug|Win32
		{D12F5E23-6505-4023-A594-9AAF72C03697}.dummy|Win32.Build.0 = Debug|Win32
		{D12F5E23-6505-4023-A594-9AAF72C03697}.Release|Win32.ActiveCfg = Release|Win32
		{D12F5E23-6505-4023-A594-9AAF72C03697}.Release|Win32.Build.0 = Release|Win32
		{710FC04C-127F-4B0B-8033-516D59AE7E59}.Debug|Win32.ActiveCfg = Debug|Win32
		{710FC04C-127F-4B0B-8033-516D59AE7E59}.Debug|Win32.Build.0 = Debug|Win32
		{710FC04C-127F-4B0B-8033-516D59AE7E59}.dummy|Win32.ActiveCfg = Debug|Win32
		{710FC04C-127F-4B0B-8033-516D59AE7E59}.dummy|Win32.Build.0 = Debug|Win32
		{710FC04C-127F-4B0B-8033-516D59AE7E59}.Release|Win32.ActiveCfg = Release|Win32
		{710FC04C-127F-4B0B-8033-516D59AE7E59}.Release|Win32.Build.0 = Release|Win32
		{6BBDF50C-60FA-463F-97A3-A42B53EE1CF4}.Debug|Win32.ActiveCfg = Debug|Win32
		{6BBDF50C-60FA-463F-97A3-A42B53EE1CF4}.Debug|Win32.Build.0 = Debug|Win32
		{6BBDF50C-60FA-463F-97A3-A42B53EE1CF4}.dummy|Win32.ActiveCfg = Debug|Win32
		{6BBDF50C-60FA-463F-97A3-A42B53EE1CF4}.dummy|Win32.Build.0 = Debug|Win32
		{6BBDF50C-60FA-463F-97A3-A42B53EE1CF4}.Release|Win32.ActiveCfg = Release|Win32
		{6BBDF50C-60FA-463F-97A3-A42B53EE1CF4}.Release|Win32.Build.0 = Release|Win32
		{C4ADE86F-742F-4D99-ADFA-B259C5DF0071}.Debug|Win32.ActiveCfg = Debug|Win32
		{C4ADE86F-742F-4D99-ADFA-B259C5DF0071}.Debug|Win32.Build.0 = Debug|Win32
		{C4ADE86F-742F-4D99-ADFA-B259C5DF0071}.dummy|Win32.ActiveCfg = Debug|Win32
		{C4ADE86F-742F-4D99-ADFA-B259C5DF0071}.dummy|Win32.Build.0 = Debug|Win32
		{C4ADE86F-742F-4D99-ADFA-B259C5DF0071}.Release|Win32.ActiveCfg = Release|Win32
		{C4ADE86F-742F-4D99-ADFA-B259C5DF0071}.Release|Win32.Build.0 = Release|Win32
		{FD2F6552-FB52-4135-8AF5-E95A1FF1A8AD}.Debug|Win32.ActiveCfg = Debug|Win32
		{FD2F6552-FB52-4135-8AF5-E95A1FF1A8AD}.Debug|Win32.Build.0 = Debug|Win32
		{FD2F6552-FB52-4135-8AF5-E95A1FF1A8AD}.dummy|Win32.ActiveCfg = Debug|Win32
		{FD2F6552-FB52-4135-8AF5-E95A1FF1A8AD}.dummy|Win32.Build.0 = Debug|Win32
		{FD2F6552-FB52-4135-8AF5-E95A1FF1A8AD}.Release|Win32.ActiveCfg = Release|Win32
		{FD2F6552-FB52-4135-8AF5-E95A1FF1A8AD}.Release|Win32.Build.0 = Release|Win32
		{27AA3294-E62B-43BD-8A9F-22E83E84F0AC}.Debug|Win32.ActiveCfg = Debug|Win32
		{27AA3294-E62B-43BD-8A9F-22E83E84F0AC}.Debug|Win32.Build.0 = Debug|Win32
		{27AA3294-E62B-43BD-8A9F-22E83E84F0AC}.dummy|Win32.ActiveCfg = Debug|Win32
		{27AA3294-E62B-43BD-8A9F-22E83E84F0AC}.dummy|Win32.Build.0 = Debug|Win32
		{27AA3294-E62B-43BD-8A9F-22E83E84F0AC}.Release|Win32.ActiveCfg = Release|Win32
		{27AA3294-E62B-43BD-8A9F-22E83E84F0AC}.Release|Win32.Build.0 = Release|Win32
		{8FAEFFAF-00DF-4682-9ED9-B5F1B4793ECC}.Debug|Win32.ActiveCfg = Debug|Win32
		{8FAEFFAF-00DF-4682-9ED9-B5F1B4793ECC}.Debug|Win32.Build.0 = Debug|Win32
		{8FAEFFAF-00DF-4682-9ED9-B5F1B4793ECC}.dummy|Win32.ActiveCfg = Debug|Win32
		{8FAEFFAF-00DF-4682-9ED9-B5F1B4793ECC}.dummy|Win32.Build.0 = Debug|Win32
		{8FAEFFAF-00DF-4682-9ED9-B5F1B4793ECC}.Release|Win32.ActiveCfg = Release|Win32
		{8FAEFFAF-00DF-4682-9ED9-B5F1B4793ECC}.Release|Win32.Build.0 = Release|Win32
		{CFD55024-2FC7-443F-BB9E-81A8E88FF111}.Debug|Win32.ActiveCfg = Debug|Win32
		{CFD55024-2FC7-443F-BB9E-81A8E88FF111}.Debug|Win32.Build.0 = Debug|Win32
		{CFD55024-2FC7-443F-BB9E-81A8E88FF111}.dummy|Win32.ActiveCfg = Debug|Win32
		{CFD55024-2FC7-443F-BB9E-81A8E88FF111}.dummy|Win32.Build.0 = Debug|Win32
		{CFD55024-2FC7-443F-BB9E-81A8E88FF111}.Release|Win32.ActiveCfg = Release|Win32
		{CFD55024-2FC7-443F-BB9E-81A8E88FF111}.Release|Win32.Build.0 = Release|Win32
		{414519FC-F67E-43C1-8B65-AC1442E8D3FF}.Debug|Win32.ActiveCfg = Debug|Win32
		{414519FC-F67E-43C1-8B65-AC1442E8D3FF}.Debug|Win32.Build.0 = Debug|Win32
		{414519FC-F67E-43C1-8B65-AC1442E8D3FF}.dummy|Win32.ActiveCfg = Debug|Win32
		{414519FC-F67E-43C1-8B65-AC1442E8D3FF}.dummy|Win32.Build.0 = Debug|Win32
		{414519FC-F67E-43C1-8B65-AC1442E8D3FF}.Release|Win32.ActiveCfg = Release|Win32
		{414519FC-F67E-43C1-8B65-AC1442E8D3FF}.Release|Win32.Build.0 = Release|Win32
		{2EA479DD-20AA-4883-92B9-09C39D4A05D5}.Debug|Win32.ActiveCfg = Debug|Win32
		{2EA479DD-20AA-4883-92B9-09C39D4A05D5}.Debug|Win32.Build.0 = Debug|Win32
		{2EA479DD-20AA-4883-92B9-09C39D4A05D5}.dummy|Win32.ActiveCfg = Debug|Win32
		{2EA479DD-20AA-4883-92B9-09C39D4A05D5}.dummy|Win32.Build.0 = Debug|Win32
		{2EA479DD-20AA-4883-92B9-09C39D4A05D5}.Release|Win32.ActiveCfg = Release|Win32
		{2EA479DD-20AA-4883-92B9-09C39D4A05D5}.Release|Win32.Build.0 = Release|Win32
		{2E7FAAD9-2F58-4BDE-81F2-1D6D3FB8BF57}.Debug|Win32.ActiveCfg = Release|Win32
		{2E7FAAD9-2F58-4BDE-81F2-1D6D3FB8BF57}.Debug|Win32.Build.0 = Release|Win32
		{2E7FAAD9-2F58-4BDE-81F2-1D6D3FB8BF57}.dummy|Win32.ActiveCfg = Release|Win32
		{2E7FAAD9-2F58-4BDE-81F2-1D6D3FB8BF57}.dummy|Win32.Build.0 = Release|Win32
		{2E7FAAD9-2F58-4BDE-81F2-1D6D3FB8BF57}.Release|Win32.ActiveCfg = Release|Win32
		{2E7FAAD9-2F58-4BDE-81F2-1D6D3FB8BF57}.Release|Win32.Build.0 = Release|Win32
		{11043137-B453-4DFA-9010-4D2B9DC1545C}.Debug|Win32.ActiveCfg = Release|Win32
		{11043137-B453-4DFA-9010-4D2B9DC1545C}.Debug|Win32.Build.0 = Release|Win32
		{11043137-B453-4DFA-9010-4D2B9DC1545C}.dummy|Win32.ActiveCfg = Release|Win32
		{11043137-B453-4DFA-9010-4D2B9DC1545C}.dummy|Win32.Build.0 = Release|Win32
		{11043137-B453-4DFA-9010-4D2B9DC1545C}.Release|Win32.ActiveCfg = Release|Win32
		{11043137-B453-4DFA-9010-4D2B9DC1545C}.Release|Win32.Build.0 = Release|Win32
		{B84F7231-16CE-41D8-8C08-7B523FF4225B}.Debug|Win32.ActiveCfg = Debug|Win32
		{B84F7231-16CE-41D8-8C08-7B523FF4225B}.Debug|Win32.Build.0 = Debug|Win32
		{B84F7231-16CE-41D8-8C08-7B523FF4225B}.dummy|Win32.ActiveCfg = dummy|Win32
		{B84F7231-16CE-41D8-8C08-7B523FF4225B}.dummy|Win32.Build.0 = dummy|Win32
		{B84F7231-16CE-41D8-8C08-7B523FF4225B}.Release|Win32.ActiveCfg = Release|Win32
		{B84F7231-16CE-41D8-8C08-7B523FF4225B}.Release|Win32.Build.0 = Release|Win32
		{B7A96B78-2782-40D2-8F37-A2DEF2B9C26D}.Debug|Win32.ActiveCfg = Debug|Win32
		{B7A96B78-2782-40D2-8F37-A2DEF2B9C26D}.Debug|Win32.Build.0 = Debug|Win32
		{B7A96B78-2782-40D2-8F37-A2DEF2B9C26D}.dummy|Win32.ActiveCfg = Debug|Win32
		{B7A96B78-2782-40D2-8F37-A2DEF2B9C26D}.dummy|Win32.Build.0 = Debug|Win32
		{B7A96B78-2782-40D2-8F37-A2DEF2B9C26D}.Release|Win32.ActiveCfg = Release|Win32
		{B7A96B78-2782-40D2-8F37-A2DEF2B9C26D}.Release|Win32.Build.0 = Release|Win32
		{25AF2DD2-D396-4668-B188-488C33B8E620}.Debug|Win32.ActiveCfg = Debug|Win32
		{25AF2DD2-D396-4668-B188-488C33B8E620}.Debug|Win32.Build.0 = Debug|Win32
		{25AF2DD2-D396-4668-B188-488C33B8E620}.dummy|Win32.ActiveCfg = Debug|Win32
		{25AF2DD2-D396-4668-B188-488C33B8E620}.dummy|Win32.Build.0 = Debug|Win32
		{25AF2DD2-D396-4668-B188-488C33B8E620}.Release|Win32.ActiveCfg = Release|Win32
		{25AF2DD2-D396-4668-B188-488C33B8E620}.Release|Win32.Build.0 = Release|Win32
	EndGlobalSection
	GlobalSection(SolutionProperties) = preSolution
		HideSolutionNode = FALSE
	EndGlobalSection
	GlobalSection(NestedProjects) = preSolution
		{B978F0F7-EB75-4289-B8DD-C1D804BE0696} = {43E372FA-1D08-41E2-9273-F799788561A0}
		{D12F5E23-6505-4023-A594-9AAF72C03697} = {43E372FA-1D08-41E2-9273-F799788561A0}
		{F0FD6687-3E99-49FA-8664-02D8DB5CB5C1} = {152722EB-A25D-43B3-BFA3-91B1722C1DFF}
		{20162DDB-DFC1-AA46-A834-53E8088076B8} = {152722EB-A25D-43B3-BFA3-91B1722C1DFF}
		{7243E30E-52D9-384A-91A2-C8783F1F808B} = {152722EB-A25D-43B3-BFA3-91B1722C1DFF}
		{710FC04C-127F-4B0B-8033-516D59AE7E59} = {152722EB-A25D-43B3-BFA3-91B1722C1DFF}
		{8FAEFFAF-00DF-4682-9ED9-B5F1B4793ECC} = {152722EB-A25D-43B3-BFA3-91B1722C1DFF}
		{FD2F6552-FB52-4135-8AF5-E95A1FF1A8AD} = {6C399D06-3F07-430F-9CA9-E51544278961}
		{2EA479DD-20AA-4883-92B9-09C39D4A05D5} = {2F3B95CA-C78E-4FF0-B5B2-8B0C76A162C3}
		{2E7FAAD9-2F58-4BDE-81F2-1D6D3FB8BF57} = {2F3B95CA-C78E-4FF0-B5B2-8B0C76A162C3}
		{11043137-B453-4DFA-9010-4D2B9DC1545C} = {2F3B95CA-C78E-4FF0-B5B2-8B0C76A162C3}
		{B84F7231-16CE-41D8-8C08-7B523FF4225B} = {0F7EBEE4-CFC0-479C-A8A6-EBA717EE10AB}
		{B7A96B78-2782-40D2-8F37-A2DEF2B9C26D} = {0F7EBEE4-CFC0-479C-A8A6-EBA717EE10AB}
		{25AF2DD2-D396-4668-B188-488C33B8E620} = {0F7EBEE4-CFC0-479C-A8A6-EBA717EE10AB}
	EndGlobalSection
EndGlobal
